
Microsoft Visual Studio Solution File, Format Version 12.00
# Visual Studio 15
VisualStudioVersion = 15.0.27428.2037
MinimumVisualStudioVersion = 10.0.40219.1
Project("{8BC9CEB8-8B4A-11D0-8D11-00A0C91BC942}") = "game2", "Source\game2.vcxproj", "{9191DF17-082F-47DB-844D-3F817FD58035}"
EndProject
Global
	GlobalSection(SolutionConfigurationPlatforms) = preSolution
		Debug|x64 = Debug|x64
		Debug|x86 = Debug|x86
		Release|x64 = Release|x64
		Release|x86 = Release|x86
	EndGlobalSection
	GlobalSection(ProjectConfigurationPlatforms) = postSolution
		{9191DF17-082F-47DB-844D-3F817FD58035}.Debug|x64.ActiveCfg = Debug|x64
		{9191DF17-082F-47DB-844D-3F817FD58035}.Debug|x64.Build.0 = Debug|x64
		{9191DF17-082F-47DB-844D-3F817FD58035}.Debug|x86.ActiveCfg = Debug|Win32
		{9191DF17-082F-47DB-844D-3F817FD58035}.Debug|x86.Build.0 = Debug|Win32
		{9191DF17-082F-47DB-844D-3F817FD58035}.Release|x64.ActiveCfg = Release|x64
		{9191DF17-082F-47DB-844D-3F817FD58035}.Release|x64.Build.0 = Release|x64
		{9191DF17-082F-47DB-844D-3F817FD58035}.Release|x86.ActiveCfg = Release|Win32
		{9191DF17-082F-47DB-844D-3F817FD58035}.Release|x86.Build.0 = Release|Win32
	EndGlobalSection
	GlobalSection(SolutionProperties) = preSolution
		HideSolutionNode = FALSE
	EndGlobalSection
	GlobalSection(ExtensibilityGlobals) = postSolution
		SolutionGuid = {4DDB5BEB-0289-4379-9F82-E8FDEBFD8E44}
	EndGlobalSection
EndGlobal
